
Microsoft Visual Studio Solution File, Format Version 12.00
# Visual Studio 15
VisualStudioVersion = 15.0.35213.121
MinimumVisualStudioVersion = 10.0.40219.1
Project("{FAE04EC0-301F-11D3-BF4B-00C04F79EFBC}") = "araba yarışı", "araba yarışı\araba yarışı.csproj", "{DE2268BA-5D8D-4F7B-9170-9B46410AF9EE}"
EndProject
Global
	GlobalSection(SolutionConfigurationPlatforms) = preSolution
		Debug|Any CPU = Debug|Any CPU
		Release|Any CPU = Release|Any CPU
	EndGlobalSection
	GlobalSection(ProjectConfigurationPlatforms) = postSolution
		{DE2268BA-5D8D-4F7B-9170-9B46410AF9EE}.Debug|Any CPU.ActiveCfg = Debug|Any CPU
		{DE2268BA-5D8D-4F7B-9170-9B46410AF9EE}.Debug|Any CPU.Build.0 = Debug|Any CPU
		{DE2268BA-5D8D-4F7B-9170-9B46410AF9EE}.Release|Any CPU.ActiveCfg = Release|Any CPU
		{DE2268BA-5D8D-4F7B-9170-9B46410AF9EE}.Release|Any CPU.Build.0 = Release|Any CPU
	EndGlobalSection
	GlobalSection(SolutionProperties) = preSolution
		HideSolutionNode = FALSE
	EndGlobalSection
	GlobalSection(ExtensibilityGlobals) = postSolution
		SolutionGuid = {017544CC-F683-4EAE-81AF-E01223389FA7}
	EndGlobalSection
EndGlobal
